// !$*UTF8*$!
{
	archiveVersion = 1;
	classes = {
	};
	objectVersion = 46;
	objects = {

/* Begin PBXBuildFile section */
		1003345F1B00F92500C2C410 /* EditController.m in Sources */ = {isa = PBXBuildFile; fileRef = 1003345E1B00F92500C2C410 /* EditController.m */; };
		10638F9A1AF1096C00E4AC93 /* ContactChangeDelegateTestCase.m in Sources */ = {isa = PBXBuildFile; fileRef = 10638F991AF1096C00E4AC93 /* ContactChangeDelegateTestCase.m */; };
		10638F9D1AF1101F00E4AC93 /* Contact+ContactInitialiserAdditions.m in Sources */ = {isa = PBXBuildFile; fileRef = 10638F9C1AF1101F00E4AC93 /* Contact+ContactInitialiserAdditions.m */; };
		10638F9F1AF1129600E4AC93 /* ContactInitialiserAdditionsTestCase.m in Sources */ = {isa = PBXBuildFile; fileRef = 10638F9E1AF1129600E4AC93 /* ContactInitialiserAdditionsTestCase.m */; };
		108773A51AEA696A003E16A5 /* main.m in Sources */ = {isa = PBXBuildFile; fileRef = 108773A41AEA696A003E16A5 /* main.m */; };
		108773A81AEA696A003E16A5 /* AppDelegate.m in Sources */ = {isa = PBXBuildFile; fileRef = 108773A71AEA696A003E16A5 /* AppDelegate.m */; };
		108773AB1AEA696A003E16A5 /* ViewController.m in Sources */ = {isa = PBXBuildFile; fileRef = 108773AA1AEA696A003E16A5 /* ViewController.m */; };
		108773AE1AEA696A003E16A5 /* Main.storyboard in Resources */ = {isa = PBXBuildFile; fileRef = 108773AC1AEA696A003E16A5 /* Main.storyboard */; };
		108773B01AEA696A003E16A5 /* Images.xcassets in Resources */ = {isa = PBXBuildFile; fileRef = 108773AF1AEA696A003E16A5 /* Images.xcassets */; };
		108773B31AEA696A003E16A5 /* LaunchScreen.xib in Resources */ = {isa = PBXBuildFile; fileRef = 108773B11AEA696A003E16A5 /* LaunchScreen.xib */; };
		108773BF1AEA696A003E16A5 /* contactTests.m in Sources */ = {isa = PBXBuildFile; fileRef = 108773BE1AEA696A003E16A5 /* contactTests.m */; };
		108773CA1AEA6B0C003E16A5 /* Contact.m in Sources */ = {isa = PBXBuildFile; fileRef = 108773C91AEA6B0C003E16A5 /* Contact.m */; };
		108773CB1AEA6B0C003E16A5 /* Contact.m in Sources */ = {isa = PBXBuildFile; fileRef = 108773C91AEA6B0C003E16A5 /* Contact.m */; };
		108773CD1AEA708B003E16A5 /* ContactTestCase.m in Sources */ = {isa = PBXBuildFile; fileRef = 108773CC1AEA708B003E16A5 /* ContactTestCase.m */; };
		13140BC31B077F910066DCCC /* ContactsTableViewController.m in Sources */ = {isa = PBXBuildFile; fileRef = 13140BC21B077F910066DCCC /* ContactsTableViewController.m */; };
/* End PBXBuildFile section */

/* Begin PBXContainerItemProxy section */
		108773B91AEA696A003E16A5 /* PBXContainerItemProxy */ = {
			isa = PBXContainerItemProxy;
			containerPortal = 108773971AEA696A003E16A5 /* Project object */;
			proxyType = 1;
			remoteGlobalIDString = 1087739E1AEA696A003E16A5;
			remoteInfo = contact;
		};
/* End PBXContainerItemProxy section */

/* Begin PBXFileReference section */
		1003345D1B00F92500C2C410 /* EditController.h */ = {isa = PBXFileReference; fileEncoding = 4; lastKnownFileType = sourcecode.c.h; path = EditController.h; sourceTree = "<group>"; };
		1003345E1B00F92500C2C410 /* EditController.m */ = {isa = PBXFileReference; fileEncoding = 4; lastKnownFileType = sourcecode.c.objc; path = EditController.m; sourceTree = "<group>"; };
		10638F951AF0F36600E4AC93 /* ContactChangeDelegate.h */ = {isa = PBXFileReference; fileEncoding = 4; lastKnownFileType = sourcecode.c.h; path = ContactChangeDelegate.h; sourceTree = "<group>"; };
		10638F991AF1096C00E4AC93 /* ContactChangeDelegateTestCase.m */ = {isa = PBXFileReference; fileEncoding = 4; lastKnownFileType = sourcecode.c.objc; name = ContactChangeDelegateTestCase.m; path = ../contact/ContactChangeDelegateTestCase.m; sourceTree = "<group>"; };
		10638F9B1AF1101F00E4AC93 /* Contact+ContactInitialiserAdditions.h */ = {isa = PBXFileReference; fileEncoding = 4; lastKnownFileType = sourcecode.c.h; path = "Contact+ContactInitialiserAdditions.h"; sourceTree = "<group>"; };
		10638F9C1AF1101F00E4AC93 /* Contact+ContactInitialiserAdditions.m */ = {isa = PBXFileReference; fileEncoding = 4; lastKnownFileType = sourcecode.c.objc; path = "Contact+ContactInitialiserAdditions.m"; sourceTree = "<group>"; };
		10638F9E1AF1129600E4AC93 /* ContactInitialiserAdditionsTestCase.m */ = {isa = PBXFileReference; fileEncoding = 4; lastKnownFileType = sourcecode.c.objc; path = ContactInitialiserAdditionsTestCase.m; sourceTree = "<group>"; };
		1087739F1AEA696A003E16A5 /* contact.app */ = {isa = PBXFileReference; explicitFileType = wrapper.application; includeInIndex = 0; path = contact.app; sourceTree = BUILT_PRODUCTS_DIR; };
		108773A31AEA696A003E16A5 /* Info.plist */ = {isa = PBXFileReference; lastKnownFileType = text.plist.xml; path = Info.plist; sourceTree = "<group>"; };
		108773A41AEA696A003E16A5 /* main.m */ = {isa = PBXFileReference; lastKnownFileType = sourcecode.c.objc; path = main.m; sourceTree = "<group>"; };
		108773A61AEA696A003E16A5 /* AppDelegate.h */ = {isa = PBXFileReference; lastKnownFileType = sourcecode.c.h; path = AppDelegate.h; sourceTree = "<group>"; };
		108773A71AEA696A003E16A5 /* AppDelegate.m */ = {isa = PBXFileReference; lastKnownFileType = sourcecode.c.objc; path = AppDelegate.m; sourceTree = "<group>"; };
		108773A91AEA696A003E16A5 /* ViewController.h */ = {isa = PBXFileReference; lastKnownFileType = sourcecode.c.h; path = ViewController.h; sourceTree = "<group>"; };
		108773AA1AEA696A003E16A5 /* ViewController.m */ = {isa = PBXFileReference; lastKnownFileType = sourcecode.c.objc; path = ViewController.m; sourceTree = "<group>"; };
		108773AD1AEA696A003E16A5 /* Base */ = {isa = PBXFileReference; lastKnownFileType = file.storyboard; name = Base; path = Base.lproj/Main.storyboard; sourceTree = "<group>"; };
		108773AF1AEA696A003E16A5 /* Images.xcassets */ = {isa = PBXFileReference; lastKnownFileType = folder.assetcatalog; path = Images.xcassets; sourceTree = "<group>"; };
		108773B21AEA696A003E16A5 /* Base */ = {isa = PBXFileReference; lastKnownFileType = file.xib; name = Base; path = Base.lproj/LaunchScreen.xib; sourceTree = "<group>"; };
		108773B81AEA696A003E16A5 /* contactTests.xctest */ = {isa = PBXFileReference; explicitFileType = wrapper.cfbundle; includeInIndex = 0; path = contactTests.xctest; sourceTree = BUILT_PRODUCTS_DIR; };
		108773BD1AEA696A003E16A5 /* Info.plist */ = {isa = PBXFileReference; lastKnownFileType = text.plist.xml; path = Info.plist; sourceTree = "<group>"; };
		108773BE1AEA696A003E16A5 /* contactTests.m */ = {isa = PBXFileReference; lastKnownFileType = sourcecode.c.objc; path = contactTests.m; sourceTree = "<group>"; };
		108773C81AEA6B0C003E16A5 /* Contact.h */ = {isa = PBXFileReference; fileEncoding = 4; lastKnownFileType = sourcecode.c.h; path = Contact.h; sourceTree = "<group>"; };
		108773C91AEA6B0C003E16A5 /* Contact.m */ = {isa = PBXFileReference; fileEncoding = 4; lastKnownFileType = sourcecode.c.objc; path = Contact.m; sourceTree = "<group>"; };
		108773CC1AEA708B003E16A5 /* ContactTestCase.m */ = {isa = PBXFileReference; fileEncoding = 4; lastKnownFileType = sourcecode.c.objc; path = ContactTestCase.m; sourceTree = "<group>"; };
		13140BC11B077F910066DCCC /* ContactsTableViewController.h */ = {isa = PBXFileReference; fileEncoding = 4; lastKnownFileType = sourcecode.c.h; path = ContactsTableViewController.h; sourceTree = "<group>"; };
		13140BC21B077F910066DCCC /* ContactsTableViewController.m */ = {isa = PBXFileReference; fileEncoding = 4; lastKnownFileType = sourcecode.c.objc; path = ContactsTableViewController.m; sourceTree = "<group>"; };
/* End PBXFileReference section */

/* Begin PBXFrameworksBuildPhase section */
		1087739C1AEA696A003E16A5 /* Frameworks */ = {
			isa = PBXFrameworksBuildPhase;
			buildActionMask = 2147483647;
			files = (
			);
			runOnlyForDeploymentPostprocessing = 0;
		};
		108773B51AEA696A003E16A5 /* Frameworks */ = {
			isa = PBXFrameworksBuildPhase;
			buildActionMask = 2147483647;
			files = (
			);
			runOnlyForDeploymentPostprocessing = 0;
		};
/* End PBXFrameworksBuildPhase section */

/* Begin PBXGroup section */
		1003345C1B00F80800C2C410 /* model */ = {
			isa = PBXGroup;
			children = (
				10638F9C1AF1101F00E4AC93 /* Contact+ContactInitialiserAdditions.m */,
				10638F9B1AF1101F00E4AC93 /* Contact+ContactInitialiserAdditions.h */,
				108773C81AEA6B0C003E16A5 /* Contact.h */,
				108773C91AEA6B0C003E16A5 /* Contact.m */,
			);
			name = model;
			sourceTree = "<group>";
		};
		108773961AEA696A003E16A5 = {
			isa = PBXGroup;
			children = (
				108773A11AEA696A003E16A5 /* contact */,
				108773BB1AEA696A003E16A5 /* contactTests */,
				108773A01AEA696A003E16A5 /* Products */,
			);
			sourceTree = "<group>";
		};
		108773A01AEA696A003E16A5 /* Products */ = {
			isa = PBXGroup;
			children = (
				1087739F1AEA696A003E16A5 /* contact.app */,
				108773B81AEA696A003E16A5 /* contactTests.xctest */,
			);
			name = Products;
			sourceTree = "<group>";
		};
		108773A11AEA696A003E16A5 /* contact */ = {
			isa = PBXGroup;
			children = (
				1003345C1B00F80800C2C410 /* model */,
				10638F951AF0F36600E4AC93 /* ContactChangeDelegate.h */,
				108773A61AEA696A003E16A5 /* AppDelegate.h */,
				108773A71AEA696A003E16A5 /* AppDelegate.m */,
				108773A91AEA696A003E16A5 /* ViewController.h */,
				108773AA1AEA696A003E16A5 /* ViewController.m */,
				108773AC1AEA696A003E16A5 /* Main.storyboard */,
				108773AF1AEA696A003E16A5 /* Images.xcassets */,
				108773B11AEA696A003E16A5 /* LaunchScreen.xib */,
				108773A21AEA696A003E16A5 /* Supporting Files */,
				1003345D1B00F92500C2C410 /* EditController.h */,
				1003345E1B00F92500C2C410 /* EditController.m */,
				13140BC11B077F910066DCCC /* ContactsTableViewController.h */,
				13140BC21B077F910066DCCC /* ContactsTableViewController.m */,
			);
			path = contact;
			sourceTree = "<group>";
		};
		108773A21AEA696A003E16A5 /* Supporting Files */ = {
			isa = PBXGroup;
			children = (
				108773A31AEA696A003E16A5 /* Info.plist */,
				108773A41AEA696A003E16A5 /* main.m */,
			);
			name = "Supporting Files";
			sourceTree = "<group>";
		};
		108773BB1AEA696A003E16A5 /* contactTests */ = {
			isa = PBXGroup;
			children = (
				10638F991AF1096C00E4AC93 /* ContactChangeDelegateTestCase.m */,
				10638F9E1AF1129600E4AC93 /* ContactInitialiserAdditionsTestCase.m */,
				108773CC1AEA708B003E16A5 /* ContactTestCase.m */,
				108773BE1AEA696A003E16A5 /* contactTests.m */,
				108773BC1AEA696A003E16A5 /* Supporting Files */,
			);
			path = contactTests;
			sourceTree = "<group>";
		};
		108773BC1AEA696A003E16A5 /* Supporting Files */ = {
			isa = PBXGroup;
			children = (
				108773BD1AEA696A003E16A5 /* Info.plist */,
			);
			name = "Supporting Files";
			sourceTree = "<group>";
		};
/* End PBXGroup section */

/* Begin PBXNativeTarget section */
		1087739E1AEA696A003E16A5 /* contact */ = {
			isa = PBXNativeTarget;
			buildConfigurationList = 108773C21AEA696A003E16A5 /* Build configuration list for PBXNativeTarget "contact" */;
			buildPhases = (
				1087739B1AEA696A003E16A5 /* Sources */,
				1087739C1AEA696A003E16A5 /* Frameworks */,
				1087739D1AEA696A003E16A5 /* Resources */,
			);
			buildRules = (
			);
			dependencies = (
			);
			name = contact;
			productName = contact;
			productReference = 1087739F1AEA696A003E16A5 /* contact.app */;
			productType = "com.apple.product-type.application";
		};
		108773B71AEA696A003E16A5 /* contactTests */ = {
			isa = PBXNativeTarget;
			buildConfigurationList = 108773C51AEA696A003E16A5 /* Build configuration list for PBXNativeTarget "contactTests" */;
			buildPhases = (
				108773B41AEA696A003E16A5 /* Sources */,
				108773B51AEA696A003E16A5 /* Frameworks */,
				108773B61AEA696A003E16A5 /* Resources */,
			);
			buildRules = (
			);
			dependencies = (
				108773BA1AEA696A003E16A5 /* PBXTargetDependency */,
			);
			name = contactTests;
			productName = contactTests;
			productReference = 108773B81AEA696A003E16A5 /* contactTests.xctest */;
			productType = "com.apple.product-type.bundle.unit-test";
		};
/* End PBXNativeTarget section */

/* Begin PBXProject section */
		108773971AEA696A003E16A5 /* Project object */ = {
			isa = PBXProject;
			attributes = {
				LastUpgradeCheck = 0630;
				ORGANIZATIONNAME = Discovery;
				TargetAttributes = {
					1087739E1AEA696A003E16A5 = {
						CreatedOnToolsVersion = 6.3.1;
					};
					108773B71AEA696A003E16A5 = {
						CreatedOnToolsVersion = 6.3.1;
						TestTargetID = 1087739E1AEA696A003E16A5;
					};
				};
			};
			buildConfigurationList = 1087739A1AEA696A003E16A5 /* Build configuration list for PBXProject "contact" */;
			compatibilityVersion = "Xcode 3.2";
			developmentRegion = English;
			hasScannedForEncodings = 0;
			knownRegions = (
				en,
				Base,
			);
			mainGroup = 108773961AEA696A003E16A5;
			productRefGroup = 108773A01AEA696A003E16A5 /* Products */;
			projectDirPath = "";
			projectRoot = "";
			targets = (
				1087739E1AEA696A003E16A5 /* contact */,
				108773B71AEA696A003E16A5 /* contactTests */,
			);
		};
/* End PBXProject section */

/* Begin PBXResourcesBuildPhase section */
		1087739D1AEA696A003E16A5 /* Resources */ = {
			isa = PBXResourcesBuildPhase;
			buildActionMask = 2147483647;
			files = (
				108773AE1AEA696A003E16A5 /* Main.storyboard in Resources */,
				108773B31AEA696A003E16A5 /* LaunchScreen.xib in Resources */,
				108773B01AEA696A003E16A5 /* Images.xcassets in Resources */,
			);
			runOnlyForDeploymentPostprocessing = 0;
		};
		108773B61AEA696A003E16A5 /* Resources */ = {
			isa = PBXResourcesBuildPhase;
			buildActionMask = 2147483647;
			files = (
			);
			runOnlyForDeploymentPostprocessing = 0;
		};
/* End PBXResourcesBuildPhase section */

/* Begin PBXSourcesBuildPhase section */
		1087739B1AEA696A003E16A5 /* Sources */ = {
			isa = PBXSourcesBuildPhase;
			buildActionMask = 2147483647;
			files = (
				108773CA1AEA6B0C003E16A5 /* Contact.m in Sources */,
				13140BC31B077F910066DCCC /* ContactsTableViewController.m in Sources */,
				1003345F1B00F92500C2C410 /* EditController.m in Sources */,
				108773AB1AEA696A003E16A5 /* ViewController.m in Sources */,
				108773A81AEA696A003E16A5 /* AppDelegate.m in Sources */,
				108773A51AEA696A003E16A5 /* main.m in Sources */,
				10638F9D1AF1101F00E4AC93 /* Contact+ContactInitialiserAdditions.m in Sources */,
			);
			runOnlyForDeploymentPostprocessing = 0;
		};
		108773B41AEA696A003E16A5 /* Sources */ = {
			isa = PBXSourcesBuildPhase;
			buildActionMask = 2147483647;
			files = (
				10638F9F1AF1129600E4AC93 /* ContactInitialiserAdditionsTestCase.m in Sources */,
				108773CB1AEA6B0C003E16A5 /* Contact.m in Sources */,
				108773BF1AEA696A003E16A5 /* contactTests.m in Sources */,
				108773CD1AEA708B003E16A5 /* ContactTestCase.m in Sources */,
				10638F9A1AF1096C00E4AC93 /* ContactChangeDelegateTestCase.m in Sources */,
			);
			runOnlyForDeploymentPostprocessing = 0;
		};
/* End PBXSourcesBuildPhase section */

/* Begin PBXTargetDependency section */
		108773BA1AEA696A003E16A5 /* PBXTargetDependency */ = {
			isa = PBXTargetDependency;
			target = 1087739E1AEA696A003E16A5 /* contact */;
			targetProxy = 108773B91AEA696A003E16A5 /* PBXContainerItemProxy */;
		};
/* End PBXTargetDependency section */

/* Begin PBXVariantGroup section */
		108773AC1AEA696A003E16A5 /* Main.storyboard */ = {
			isa = PBXVariantGroup;
			children = (
				108773AD1AEA696A003E16A5 /* Base */,
			);
			name = Main.storyboard;
			sourceTree = "<group>";
		};
		108773B11AEA696A003E16A5 /* LaunchScreen.xib */ = {
			isa = PBXVariantGroup;
			children = (
				108773B21AEA696A003E16A5 /* Base */,
			);
			name = LaunchScreen.xib;
			sourceTree = "<group>";
		};
/* End PBXVariantGroup section */

/* Begin XCBuildConfiguration section */
		108773C01AEA696A003E16A5 /* Debug */ = {
			isa = XCBuildConfiguration;
			buildSettings = {
				ALWAYS_SEARCH_USER_PATHS = NO;
				CLANG_CXX_LANGUAGE_STANDARD = "gnu++0x";
				CLANG_CXX_LIBRARY = "libc++";
				CLANG_ENABLE_MODULES = YES;
				CLANG_ENABLE_OBJC_ARC = YES;
				CLANG_WARN_BOOL_CONVERSION = YES;
				CLANG_WARN_CONSTANT_CONVERSION = YES;
				CLANG_WARN_DIRECT_OBJC_ISA_USAGE = YES_ERROR;
				CLANG_WARN_EMPTY_BODY = YES;
				CLANG_WARN_ENUM_CONVERSION = YES;
				CLANG_WARN_INT_CONVERSION = YES;
				CLANG_WARN_OBJC_ROOT_CLASS = YES_ERROR;
				CLANG_WARN_UNREACHABLE_CODE = YES;
				CLANG_WARN__DUPLICATE_METHOD_MATCH = YES;
				"CODE_SIGN_IDENTITY[sdk=iphoneos*]" = "iPhone Developer";
				COPY_PHASE_STRIP = NO;
				DEBUG_INFORMATION_FORMAT = "dwarf-with-dsym";
				ENABLE_STRICT_OBJC_MSGSEND = YES;
				GCC_C_LANGUAGE_STANDARD = gnu99;
				GCC_DYNAMIC_NO_PIC = NO;
				GCC_NO_COMMON_BLOCKS = YES;
				GCC_OPTIMIZATION_LEVEL = 0;
				GCC_PREPROCESSOR_DEFINITIONS = (
					"DEBUG=1",
					"$(inherited)",
				);
				GCC_SYMBOLS_PRIVATE_EXTERN = NO;
				GCC_WARN_64_TO_32_BIT_CONVERSION = YES;
				GCC_WARN_ABOUT_RETURN_TYPE = YES_ERROR;
				GCC_WARN_UNDECLARED_SELECTOR = YES;
				GCC_WARN_UNINITIALIZED_AUTOS = YES_AGGRESSIVE;
				GCC_WARN_UNUSED_FUNCTION = YES;
				GCC_WARN_UNUSED_VARIABLE = YES;
				IPHONEOS_DEPLOYMENT_TARGET = 8.3;
				MTL_ENABLE_DEBUG_INFO = YES;
				ONLY_ACTIVE_ARCH = YES;
				SDKROOT = iphoneos;
				TARGETED_DEVICE_FAMILY = "1,2";
			};
			name = Debug;
		};
		108773C11AEA696A003E16A5 /* Release */ = {
			isa = XCBuildConfiguration;
			buildSettings = {
				ALWAYS_SEARCH_USER_PATHS = NO;
				CLANG_CXX_LANGUAGE_STANDARD = "gnu++0x";
				CLANG_CXX_LIBRARY = "libc++";
				CLANG_ENABLE_MODULES = YES;
				CLANG_ENABLE_OBJC_ARC = YES;
				CLANG_WARN_BOOL_CONVERSION = YES;
				CLANG_WARN_CONSTANT_CONVERSION = YES;
				CLANG_WARN_DIRECT_OBJC_ISA_USAGE = YES_ERROR;
				CLANG_WARN_EMPTY_BODY = YES;
				CLANG_WARN_ENUM_CONVERSION = YES;
				CLANG_WARN_INT_CONVERSION = YES;
				CLANG_WARN_OBJC_ROOT_CLASS = YES_ERROR;
				CLANG_WARN_UNREACHABLE_CODE = YES;
				CLANG_WARN__DUPLICATE_METHOD_MATCH = YES;
				"CODE_SIGN_IDENTITY[sdk=iphoneos*]" = "iPhone Developer";
				COPY_PHASE_STRIP = NO;
				DEBUG_INFORMATION_FORMAT = "dwarf-with-dsym";
				ENABLE_NS_ASSERTIONS = NO;
				ENABLE_STRICT_OBJC_MSGSEND = YES;
				GCC_C_LANGUAGE_STANDARD = gnu99;
				GCC_NO_COMMON_BLOCKS = YES;
				GCC_WARN_64_TO_32_BIT_CONVERSION = YES;
				GCC_WARN_ABOUT_RETURN_TYPE = YES_ERROR;
				GCC_WARN_UNDECLARED_SELECTOR = YES;
				GCC_WARN_UNINITIALIZED_AUTOS = YES_AGGRESSIVE;
				GCC_WARN_UNUSED_FUNCTION = YES;
				GCC_WARN_UNUSED_VARIABLE = YES;
				IPHONEOS_DEPLOYMENT_TARGET = 8.3;
				MTL_ENABLE_DEBUG_INFO = NO;
				SDKROOT = iphoneos;
				TARGETED_DEVICE_FAMILY = "1,2";
				VALIDATE_PRODUCT = YES;
			};
			name = Release;
		};
		108773C31AEA696A003E16A5 /* Debug */ = {
			isa = XCBuildConfiguration;
			buildSettings = {
				ASSETCATALOG_COMPILER_APPICON_NAME = AppIcon;
				INFOPLIST_FILE = contact/Info.plist;
				LD_RUNPATH_SEARCH_PATHS = "$(inherited) @executable_path/Frameworks";
				PRODUCT_NAME = "$(TARGET_NAME)";
			};
			name = Debug;
		};
		108773C41AEA696A003E16A5 /* Release */ = {
			isa = XCBuildConfiguration;
			buildSettings = {
				ASSETCATALOG_COMPILER_APPICON_NAME = AppIcon;
				INFOPLIST_FILE = contact/Info.plist;
				LD_RUNPATH_SEARCH_PATHS = "$(inherited) @executable_path/Frameworks";
				PRODUCT_NAME = "$(TARGET_NAME)";
			};
			name = Release;
		};
		108773C61AEA696A003E16A5 /* Debug */ = {
			isa = XCBuildConfiguration;
			buildSettings = {
				BUNDLE_LOADER = "$(TEST_HOST)";
				FRAMEWORK_SEARCH_PATHS = (
					"$(SDKROOT)/Developer/Library/Frameworks",
					"$(inherited)",
				);
				GCC_PREPROCESSOR_DEFINITIONS = (
					"DEBUG=1",
					"$(inherited)",
				);
				INFOPLIST_FILE = contactTests/Info.plist;
				LD_RUNPATH_SEARCH_PATHS = "$(inherited) @executable_path/Frameworks @loader_path/Frameworks";
				PRODUCT_NAME = "$(TARGET_NAME)";
				TEST_HOST = "$(BUILT_PRODUCTS_DIR)/contact.app/contact";
			};
			name = Debug;
		};
		108773C71AEA696A003E16A5 /* Release */ = {
			isa = XCBuildConfiguration;
			buildSettings = {
				BUNDLE_LOADER = "$(TEST_HOST)";
				FRAMEWORK_SEARCH_PATHS = (
					"$(SDKROOT)/Developer/Library/Frameworks",
					"$(inherited)",
				);
				INFOPLIST_FILE = contactTests/Info.plist;
				LD_RUNPATH_SEARCH_PATHS = "$(inherited) @executable_path/Frameworks @loader_path/Frameworks";
				PRODUCT_NAME = "$(TARGET_NAME)";
				TEST_HOST = "$(BUILT_PRODUCTS_DIR)/contact.app/contact";
			};
			name = Release;
		};
/* End XCBuildConfiguration section */

/* Begin XCConfigurationList section */
		1087739A1AEA696A003E16A5 /* Build configuration list for PBXProject "contact" */ = {
			isa = XCConfigurationList;
			buildConfigurations = (
				108773C01AEA696A003E16A5 /* Debug */,
				108773C11AEA696A003E16A5 /* Release */,
			);
			defaultConfigurationIsVisible = 0;
			defaultConfigurationName = Release;
		};
		108773C21AEA696A003E16A5 /* Build configuration list for PBXNativeTarget "contact" */ = {
			isa = XCConfigurationList;
			buildConfigurations = (
				108773C31AEA696A003E16A5 /* Debug */,
				108773C41AEA696A003E16A5 /* Release */,
			);
			defaultConfigurationIsVisible = 0;
			defaultConfigurationName = Release;
		};
		108773C51AEA696A003E16A5 /* Build configuration list for PBXNativeTarget "contactTests" */ = {
			isa = XCConfigurationList;
			buildConfigurations = (
				108773C61AEA696A003E16A5 /* Debug */,
				108773C71AEA696A003E16A5 /* Release */,
			);
			defaultConfigurationIsVisible = 0;
			defaultConfigurationName = Release;
		};
/* End XCConfigurationList section */
	};
	rootObject = 108773971AEA696A003E16A5 /* Project object */;
}
